
Microsoft Visual Studio Solution File, Format Version 12.00
# Visual Studio Version 17
VisualStudioVersion = 17.5.002.0
MinimumVisualStudioVersion = 10.0.40219.1
Project("{9A19103F-16F7-4668-BE54-9A1E7A4F7556}") = "Exo.WebApi", "Exo.WebApi.csproj", "{59855C46-391B-4A24-B309-C679568548D8}"
EndProject
Global
	GlobalSection(SolutionConfigurationPlatforms) = preSolution
		Debug|Any CPU = Debug|Any CPU
		Release|Any CPU = Release|Any CPU
	EndGlobalSection
	GlobalSection(ProjectConfigurationPlatforms) = postSolution
		{59855C46-391B-4A24-B309-C679568548D8}.Debug|Any CPU.ActiveCfg = Debug|Any CPU
		{59855C46-391B-4A24-B309-C679568548D8}.Debug|Any CPU.Build.0 = Debug|Any CPU
		{59855C46-391B-4A24-B309-C679568548D8}.Release|Any CPU.ActiveCfg = Release|Any CPU
		{59855C46-391B-4A24-B309-C679568548D8}.Release|Any CPU.Build.0 = Release|Any CPU
	EndGlobalSection
	GlobalSection(SolutionProperties) = preSolution
		HideSolutionNode = FALSE
	EndGlobalSection
	GlobalSection(ExtensibilityGlobals) = postSolution
		SolutionGuid = {ED2F86E0-6883-459B-B21F-2654EAFA7271}
	EndGlobalSection
EndGlobal
